
Microsoft Visual Studio Solution File, Format Version 12.00
# Visual Studio Version 17
VisualStudioVersion = 17.8.34525.116
MinimumVisualStudioVersion = 10.0.40219.1
Project("{9A19103F-16F7-4668-BE54-9A1E7A4F7556}") = "SerwisMotoryzacyjny", "SerwisMotoryzacyjny.csproj", "{F3FEB539-9E90-4DE1-AAE1-B90F25E5F757}"
EndProject
Global
	GlobalSection(SolutionConfigurationPlatforms) = preSolution
		Debug|Any CPU = Debug|Any CPU
		Release|Any CPU = Release|Any CPU
	EndGlobalSection
	GlobalSection(ProjectConfigurationPlatforms) = postSolution
		{F3FEB539-9E90-4DE1-AAE1-B90F25E5F757}.Debug|Any CPU.ActiveCfg = Debug|Any CPU
		{F3FEB539-9E90-4DE1-AAE1-B90F25E5F757}.Debug|Any CPU.Build.0 = Debug|Any CPU
		{F3FEB539-9E90-4DE1-AAE1-B90F25E5F757}.Release|Any CPU.ActiveCfg = Release|Any CPU
		{F3FEB539-9E90-4DE1-AAE1-B90F25E5F757}.Release|Any CPU.Build.0 = Release|Any CPU
	EndGlobalSection
	GlobalSection(SolutionProperties) = preSolution
		HideSolutionNode = FALSE
	EndGlobalSection
	GlobalSection(ExtensibilityGlobals) = postSolution
		SolutionGuid = {A1ABC5AC-B16B-4466-9700-D3AAE69A1AAC}
	EndGlobalSection
EndGlobal
